{
  "name": "js.user",
  "version": "1.0.0",
  "lockfileVersion": 1,
  "requires": true,
  "dependencies": {
    "@infotechnohelp/js.helper": {
      "version": "1.3.0",
      "resolved": "https://registry.npmjs.org/@infotechnohelp/js.helper/-/js.helper-1.3.0.tgz",
      "integrity": "sha512-MGeafeBJOXkA+NAPLNezuuDsMilnvSYkByMEDVoDw12EOoc9CHk7cZ1R4l3cXgChbq8SNbbZD/SUnXYj7MdkEA=="
    }
  }
}
